{
  "requires": true,
  "lockfileVersion": 1,
  "dependencies": {
    "@stomp/stompjs": {
      "version": "5.4.3",
      "resolved": "https://registry.npmjs.org/@stomp/stompjs/-/stompjs-5.4.3.tgz",
      "integrity": "sha512-ZuucwL2mLnBRN6ep/Ic7do3bZHP9HqgZQzBPEkXO6McZcysaJb8N1aQT8Et+JaG9FuQ1wVvtbQvOGvDZyOWQNQ=="
    },
    "debug": {
      "version": "3.2.6",
      "resolved": "https://registry.npmjs.org/debug/-/debug-3.2.6.tgz",
      "integrity": "sha512-mel+jf7nrtEl5Pn1Qx46zARXKDpBbvzezse7p7LqINmdoIk8PYP5SySaxEmYv6TZ0JyEKA1hsCId6DIhgITtWQ==",
      "requires": {
        "ms": "^2.1.1"
      }
    },
    "decode-uri-component": {
      "version": "0.2.0",
      "resolved": "https://registry.npmjs.org/decode-uri-component/-/decode-uri-component-0.2.0.tgz",
      "integrity": "sha1-6zkTMzRYd1y4TNGh+uBiEGu4dUU="
    },
    "eventsource": {
      "version": "1.0.7",
      "resolved": "https://registry.npmjs.org/eventsource/-/eventsource-1.0.7.tgz",
      "integrity": "sha512-4Ln17+vVT0k8aWq+t/bF5arcS3EpT9gYtW66EPacdj/mAFevznsnyoHLPy2BA8gbIQeIHoPsvwmfBftfcG//BQ==",
      "requires": {
        "original": "^1.0.0"
      }
    },
    "faye-websocket": {
      "version": "0.11.3",
      "resolved": "https://registry.npmjs.org/faye-websocket/-/faye-websocket-0.11.3.tgz",
      "integrity": "sha512-D2y4bovYpzziGgbHYtGCMjlJM36vAl/y+xUyn1C+FVx8szd1E+86KwVw6XvYSzOP8iMpm1X0I4xJD+QtUb36OA==",
      "requires": {
        "websocket-driver": ">=0.5.1"
      }
    },
    "http-parser-js": {
      "version": "0.4.10",
      "resolved": "https://registry.npmjs.org/http-parser-js/-/http-parser-js-0.4.10.tgz",
      "integrity": "sha1-ksnBN0w1CF912zWexWzCV8u5P6Q="
    },
    "inherits": {
      "version": "2.0.4",
      "resolved": "https://registry.npmjs.org/inherits/-/inherits-2.0.4.tgz",
      "integrity": "sha512-k/vGaX4/Yla3WzyMCvTQOXYeIHvqOKtnqBduzTHpzpQZzAskKMhZ2K+EnBiSM9zGSoIFeMpXKxa4dYeZIQqewQ=="
    },
    "json3": {
      "version": "3.3.3",
      "resolved": "https://registry.npmjs.org/json3/-/json3-3.3.3.tgz",
      "integrity": "sha512-c7/8mbUsKigAbLkD5B010BK4D9LZm7A1pNItkEwiUZRpIN66exu/e7YQWysGun+TRKaJp8MhemM+VkfWv42aCA=="
    },
    "lodash.isequal": {
      "version": "4.5.0",
      "resolved": "https://registry.npmjs.org/lodash.isequal/-/lodash.isequal-4.5.0.tgz",
      "integrity": "sha1-QVxEePK8wwEgwizhDtMib30+GOA="
    },
    "ms": {
      "version": "2.1.2",
      "resolved": "https://registry.npmjs.org/ms/-/ms-2.1.2.tgz",
      "integrity": "sha512-sGkPx+VjMtmA6MX27oA4FBFELFCZZ4S4XqeGOXCv68tT+jb3vk/RyaKWP0PTKyWtmLSM0b+adUTEvbs1PEaH2w=="
    },
    "original": {
      "version": "1.0.2",
      "resolved": "https://registry.npmjs.org/original/-/original-1.0.2.tgz",
      "integrity": "sha512-hyBVl6iqqUOJ8FqRe+l/gS8H+kKYjrEndd5Pm1MfBtsEKA038HkkdbAl/72EAXGyonD/PFsvmVG+EvcIpliMBg==",
      "requires": {
        "url-parse": "^1.4.3"
      }
    },
    "query-string": {
      "version": "6.11.1",
      "resolved": "https://registry.npmjs.org/query-string/-/query-string-6.11.1.tgz",
      "integrity": "sha512-1ZvJOUl8ifkkBxu2ByVM/8GijMIPx+cef7u3yroO3Ogm4DOdZcF5dcrWTIlSHe3Pg/mtlt6/eFjObDfJureZZA==",
      "requires": {
        "decode-uri-component": "^0.2.0",
        "split-on-first": "^1.0.0",
        "strict-uri-encode": "^2.0.0"
      }
    },
    "querystringify": {
      "version": "2.1.1",
      "resolved": "https://registry.npmjs.org/querystringify/-/querystringify-2.1.1.tgz",
      "integrity": "sha512-w7fLxIRCRT7U8Qu53jQnJyPkYZIaR4n5151KMfcJlO/A9397Wxb1amJvROTK6TOnp7PfoAmg/qXiNHI+08jRfA=="
    },
    "react-stomp-client": {
      "version": "1.2.0",
      "resolved": "https://registry.npmjs.org/react-stomp-client/-/react-stomp-client-1.2.0.tgz",
      "integrity": "sha512-7AdXozXo+uDpYzeyeO7HmUkj4W8+5DgTvh0/rBq7KO9AJA9wa9icN7rm1zlSF+1npqdUHaLT6uHw3rjcxVZXxQ==",
      "requires": {
        "@stomp/stompjs": "^5.4.2",
        "lodash.isequal": "^4.5.0"
      }
    },
    "requires-port": {
      "version": "1.0.0",
      "resolved": "https://registry.npmjs.org/requires-port/-/requires-port-1.0.0.tgz",
      "integrity": "sha1-kl0mAdOaxIXgkc8NpcbmlNw9yv8="
    },
    "safe-buffer": {
      "version": "5.2.0",
      "resolved": "https://registry.npmjs.org/safe-buffer/-/safe-buffer-5.2.0.tgz",
      "integrity": "sha512-fZEwUGbVl7kouZs1jCdMLdt95hdIv0ZeHg6L7qPeciMZhZ+/gdesW4wgTARkrFWEpspjEATAzUGPG8N2jJiwbg=="
    },
    "sockjs-client": {
      "version": "1.4.0",
      "resolved": "https://registry.npmjs.org/sockjs-client/-/sockjs-client-1.4.0.tgz",
      "integrity": "sha512-5zaLyO8/nri5cua0VtOrFXBPK1jbL4+1cebT/mmKA1E1ZXOvJrII75bPu0l0k843G/+iAbhEqzyKr0w/eCCj7g==",
      "requires": {
        "debug": "^3.2.5",
        "eventsource": "^1.0.7",
        "faye-websocket": "~0.11.1",
        "inherits": "^2.0.3",
        "json3": "^3.3.2",
        "url-parse": "^1.4.3"
      }
    },
    "split-on-first": {
      "version": "1.1.0",
      "resolved": "https://registry.npmjs.org/split-on-first/-/split-on-first-1.1.0.tgz",
      "integrity": "sha512-43ZssAJaMusuKWL8sKUBQXHWOpq8d6CfN/u1p4gUzfJkM05C8rxTmYrkIPTXapZpORA6LkkzcUulJ8FqA7Uudw=="
    },
    "strict-uri-encode": {
      "version": "2.0.0",
      "resolved": "https://registry.npmjs.org/strict-uri-encode/-/strict-uri-encode-2.0.0.tgz",
      "integrity": "sha1-ucczDHBChi9rFC3CdLvMWGbONUY="
    },
    "url-parse": {
      "version": "1.4.7",
      "resolved": "https://registry.npmjs.org/url-parse/-/url-parse-1.4.7.tgz",
      "integrity": "sha512-d3uaVyzDB9tQoSXFvuSUNFibTd9zxd2bkVrDRvF5TmvWWQwqE4lgYJ5m+x1DbecWkw+LK4RNl2CU1hHuOKPVlg==",
      "requires": {
        "querystringify": "^2.1.1",
        "requires-port": "^1.0.0"
      }
    },
    "websocket-driver": {
      "version": "0.7.3",
      "resolved": "https://registry.npmjs.org/websocket-driver/-/websocket-driver-0.7.3.tgz",
      "integrity": "sha512-bpxWlvbbB459Mlipc5GBzzZwhoZgGEZLuqPaR0INBGnPAY1vdBX6hPnoFXiw+3yWxDuHyQjO2oXTMyS8A5haFg==",
      "requires": {
        "http-parser-js": ">=0.4.0 <0.4.11",
        "safe-buffer": ">=5.1.0",
        "websocket-extensions": ">=0.1.1"
      }
    },
    "websocket-extensions": {
      "version": "0.1.3",
      "resolved": "https://registry.npmjs.org/websocket-extensions/-/websocket-extensions-0.1.3.tgz",
      "integrity": "sha512-nqHUnMXmBzT0w570r2JpJxfiSD1IzoI+HGVdd3aZ0yNi3ngvQ4jv1dtHt5VGxfI2yj5yqImPhOK4vmIh2xMbGg=="
    }
  }
}
